{
    "name": "com.ihm.rpp",
    "version": "1.0.0",
    "lockfileVersion": 1,
    "requires": true,
    "dependencies": {
        "cordova-android": {
            "version": "4.1.1",
            "resolved": "https://registry.npmjs.org/cordova-android/-/cordova-android-4.1.1.tgz",
            "integrity": "sha1-ttrfDRK3XEkg261nX2b4xdbq4AQ=",
            "requires": {
                "q": "^0.9.0",
                "shelljs": "^0.2.6"
            }
        },
        "cordova-plugin-whitelist": {
            "version": "1.3.3",
            "resolved": "https://registry.npmjs.org/cordova-plugin-whitelist/-/cordova-plugin-whitelist-1.3.3.tgz",
            "integrity": "sha1-tehezbv+Wu3tQKG/TuI3LmfZb7Q="
        },
        "q": {
            "version": "0.9.7",
            "resolved": "https://registry.npmjs.org/q/-/q-0.9.7.tgz",
            "integrity": "sha1-TeLmyzspCIyeTLwDv51C+5bOL3U="
        },
        "shelljs": {
            "version": "0.2.6",
            "resolved": "https://registry.npmjs.org/shelljs/-/shelljs-0.2.6.tgz",
            "integrity": "sha1-kEktcv/MgVmXa6umL7D2iE8MM3g="
        }
    }
}
